
Microsoft Visual Studio Solution File, Format Version 12.00
# Visual Studio 15
VisualStudioVersion = 15.0.27130.2026
MinimumVisualStudioVersion = 10.0.40219.1
Project("{9A19103F-16F7-4668-BE54-9A1E7A4F7556}") = "Library_Management_System", "Library_Management_System\Library_Management_System.csproj", "{44BFDF48-4606-4590-B62F-78B7D55E7587}"
EndProject
Project("{9A19103F-16F7-4668-BE54-9A1E7A4F7556}") = "LibaryData", "LibaryData\LibaryData.csproj", "{AF716F3F-27FC-4031-9337-0614C3723B88}"
EndProject
Project("{FAE04EC0-301F-11D3-BF4B-00C04F79EFBC}") = "LibraryServices", "LibraryServices\LibraryServices.csproj", "{6394F057-C98C-4D8C-B003-E7EE4B246626}"
EndProject
Global
	GlobalSection(SolutionConfigurationPlatforms) = preSolution
		Debug|Any CPU = Debug|Any CPU
		Release|Any CPU = Release|Any CPU
	EndGlobalSection
	GlobalSection(ProjectConfigurationPlatforms) = postSolution
		{44BFDF48-4606-4590-B62F-78B7D55E7587}.Debug|Any CPU.ActiveCfg = Debug|Any CPU
		{44BFDF48-4606-4590-B62F-78B7D55E7587}.Debug|Any CPU.Build.0 = Debug|Any CPU
		{44BFDF48-4606-4590-B62F-78B7D55E7587}.Release|Any CPU.ActiveCfg = Release|Any CPU
		{44BFDF48-4606-4590-B62F-78B7D55E7587}.Release|Any CPU.Build.0 = Release|Any CPU
		{AF716F3F-27FC-4031-9337-0614C3723B88}.Debug|Any CPU.ActiveCfg = Debug|Any CPU
		{AF716F3F-27FC-4031-9337-0614C3723B88}.Debug|Any CPU.Build.0 = Debug|Any CPU
		{AF716F3F-27FC-4031-9337-0614C3723B88}.Release|Any CPU.ActiveCfg = Release|Any CPU
		{AF716F3F-27FC-4031-9337-0614C3723B88}.Release|Any CPU.Build.0 = Release|Any CPU
		{6394F057-C98C-4D8C-B003-E7EE4B246626}.Debug|Any CPU.ActiveCfg = Debug|Any CPU
		{6394F057-C98C-4D8C-B003-E7EE4B246626}.Debug|Any CPU.Build.0 = Debug|Any CPU
		{6394F057-C98C-4D8C-B003-E7EE4B246626}.Release|Any CPU.ActiveCfg = Release|Any CPU
		{6394F057-C98C-4D8C-B003-E7EE4B246626}.Release|Any CPU.Build.0 = Release|Any CPU
	EndGlobalSection
	GlobalSection(SolutionProperties) = preSolution
		HideSolutionNode = FALSE
	EndGlobalSection
	GlobalSection(ExtensibilityGlobals) = postSolution
		SolutionGuid = {1458549B-8CA8-48AA-8C43-6B9B61AB96D5}
	EndGlobalSection
EndGlobal
